
Microsoft Visual Studio Solution File, Format Version 12.00
# Visual Studio Version 16
VisualStudioVersion = 16.0.31829.152
MinimumVisualStudioVersion = 10.0.40219.1
Project("{FAE04EC0-301F-11D3-BF4B-00C04F79EFBC}") = "PersonalityTest", "PersonalityTest\PersonalityTest.csproj", "{17D93778-ABB2-4E3C-A929-461D44730F56}"
EndProject
Project("{FAE04EC0-301F-11D3-BF4B-00C04F79EFBC}") = "PersonalityTestSwitch", "PersonalityTestSwitch\PersonalityTestSwitch.csproj", "{D7E961D6-3B21-433B-93C1-179D97783866}"
EndProject
Project("{FAE04EC0-301F-11D3-BF4B-00C04F79EFBC}") = "GradingIF", "GradingIF\GradingIF.csproj", "{67D1F03B-83C0-4BBD-8C40-C1E655F7226D}"
EndProject
Project("{FAE04EC0-301F-11D3-BF4B-00C04F79EFBC}") = "GradingSwitch", "GradingSwitch\GradingSwitch.csproj", "{1F37919D-854F-4F22-B3B7-5D8438597F05}"
EndProject
Project("{FAE04EC0-301F-11D3-BF4B-00C04F79EFBC}") = "CatsAndDogs", "CatsAndDogs\CatsAndDogs.csproj", "{F45968D5-EAF0-43EB-9693-82C69DD1486E}"
EndProject
Global
	GlobalSection(SolutionConfigurationPlatforms) = preSolution
		Debug|Any CPU = Debug|Any CPU
		Release|Any CPU = Release|Any CPU
	EndGlobalSection
	GlobalSection(ProjectConfigurationPlatforms) = postSolution
		{17D93778-ABB2-4E3C-A929-461D44730F56}.Debug|Any CPU.ActiveCfg = Debug|Any CPU
		{17D93778-ABB2-4E3C-A929-461D44730F56}.Debug|Any CPU.Build.0 = Debug|Any CPU
		{17D93778-ABB2-4E3C-A929-461D44730F56}.Release|Any CPU.ActiveCfg = Release|Any CPU
		{17D93778-ABB2-4E3C-A929-461D44730F56}.Release|Any CPU.Build.0 = Release|Any CPU
		{D7E961D6-3B21-433B-93C1-179D97783866}.Debug|Any CPU.ActiveCfg = Debug|Any CPU
		{D7E961D6-3B21-433B-93C1-179D97783866}.Debug|Any CPU.Build.0 = Debug|Any CPU
		{D7E961D6-3B21-433B-93C1-179D97783866}.Release|Any CPU.ActiveCfg = Release|Any CPU
		{D7E961D6-3B21-433B-93C1-179D97783866}.Release|Any CPU.Build.0 = Release|Any CPU
		{67D1F03B-83C0-4BBD-8C40-C1E655F7226D}.Debug|Any CPU.ActiveCfg = Debug|Any CPU
		{67D1F03B-83C0-4BBD-8C40-C1E655F7226D}.Debug|Any CPU.Build.0 = Debug|Any CPU
		{67D1F03B-83C0-4BBD-8C40-C1E655F7226D}.Release|Any CPU.ActiveCfg = Release|Any CPU
		{67D1F03B-83C0-4BBD-8C40-C1E655F7226D}.Release|Any CPU.Build.0 = Release|Any CPU
		{1F37919D-854F-4F22-B3B7-5D8438597F05}.Debug|Any CPU.ActiveCfg = Debug|Any CPU
		{1F37919D-854F-4F22-B3B7-5D8438597F05}.Debug|Any CPU.Build.0 = Debug|Any CPU
		{1F37919D-854F-4F22-B3B7-5D8438597F05}.Release|Any CPU.ActiveCfg = Release|Any CPU
		{1F37919D-854F-4F22-B3B7-5D8438597F05}.Release|Any CPU.Build.0 = Release|Any CPU
		{F45968D5-EAF0-43EB-9693-82C69DD1486E}.Debug|Any CPU.ActiveCfg = Debug|Any CPU
		{F45968D5-EAF0-43EB-9693-82C69DD1486E}.Debug|Any CPU.Build.0 = Debug|Any CPU
		{F45968D5-EAF0-43EB-9693-82C69DD1486E}.Release|Any CPU.ActiveCfg = Release|Any CPU
		{F45968D5-EAF0-43EB-9693-82C69DD1486E}.Release|Any CPU.Build.0 = Release|Any CPU
	EndGlobalSection
	GlobalSection(SolutionProperties) = preSolution
		HideSolutionNode = FALSE
	EndGlobalSection
	GlobalSection(ExtensibilityGlobals) = postSolution
		SolutionGuid = {593D3549-9C4F-46E7-AAC5-ED786240D2E3}
	EndGlobalSection
EndGlobal
